
Microsoft Visual Studio Solution File, Format Version 12.00
# Visual Studio Version 16
VisualStudioVersion = 16.0.34114.132
MinimumVisualStudioVersion = 10.0.40219.1
Project("{FAE04EC0-301F-11D3-BF4B-00C04F79EFBC}") = "elasticTickets", "elasticTickets\elasticTickets.csproj", "{C7AD05C7-1F32-4EE4-AD41-FB328B8BF3B1}"
EndProject
Global
	GlobalSection(SolutionConfigurationPlatforms) = preSolution
		Debug|Any CPU = Debug|Any CPU
		Release|Any CPU = Release|Any CPU
	EndGlobalSection
	GlobalSection(ProjectConfigurationPlatforms) = postSolution
		{C7AD05C7-1F32-4EE4-AD41-FB328B8BF3B1}.Debug|Any CPU.ActiveCfg = Debug|Any CPU
		{C7AD05C7-1F32-4EE4-AD41-FB328B8BF3B1}.Debug|Any CPU.Build.0 = Debug|Any CPU
		{C7AD05C7-1F32-4EE4-AD41-FB328B8BF3B1}.Release|Any CPU.ActiveCfg = Release|Any CPU
		{C7AD05C7-1F32-4EE4-AD41-FB328B8BF3B1}.Release|Any CPU.Build.0 = Release|Any CPU
	EndGlobalSection
	GlobalSection(SolutionProperties) = preSolution
		HideSolutionNode = FALSE
	EndGlobalSection
	GlobalSection(ExtensibilityGlobals) = postSolution
		SolutionGuid = {4927E0EF-2047-489F-B358-8293FDAB306D}
	EndGlobalSection
EndGlobal
